dependencies:
- name: mariadb
  repository: file://subcharts/mariadb
  version: 9.3.17
- name: ray
  repository: file://subcharts/ray
  version: 0.1.0
- name: kube-prometheus-stack
  repository: https://prometheus-community.github.io/helm-charts
  version: 17.0.3
- name: gpu-operator
  repository: https://nvidia.github.io/gpu-operator
  version: v1.7.1
digest: sha256:745ffa8808db676080767d85daf8592c66f00aa4fbbcaa92529c0b70140ada91
generated: "2021-07-30T05:52:09.882002518+09:00"
