dependencies:
- name: mariadb
  repository: file://subcharts/mariadb
  version: 9.3.17
- name: ray
  repository: file://subcharts/ray
  version: 0.1.0
- name: kube-prometheus-stack
  repository: https://prometheus-community.github.io/helm-charts
  version: 18.0.1
- name: gpu-operator
  repository: https://nvidia.github.io/gpu-operator
  version: v1.7.1
digest: sha256:a6ef2b6464054836ff81572d164fb93b06f0d0e177dc4680f048e43fc5f6b470
generated: "2021-08-29T16:15:02.209169352+09:00"